
Microsoft Visual Studio Solution File, Format Version 12.00
# Visual Studio Version 17
VisualStudioVersion = 17.13.35806.99 d17.13
MinimumVisualStudioVersion = 10.0.40219.1
Project("{FAE04EC0-301F-11D3-BF4B-00C04F79EFBC}") = "API", "API\API.csproj", "{D865BE32-DDB1-4141-B783-A5E993DE5B18}"
EndProject
Project("{FAE04EC0-301F-11D3-BF4B-00C04F79EFBC}") = "Domain", "Domain\Domain.csproj", "{A63DA51F-EE6C-43BE-889C-808764E76127}"
EndProject
Project("{FAE04EC0-301F-11D3-BF4B-00C04F79EFBC}") = "Infrastructure", "Infrastructure\Infrastructure.csproj", "{F23D8D3A-2DC1-45EC-B31C-1CEC057AAD80}"
EndProject
Project("{FAE04EC0-301F-11D3-BF4B-00C04F79EFBC}") = "Application", "Application\Application.csproj", "{340A90F2-BEF6-47F6-AA3A-A52EAD09FA97}"
EndProject
Global
	GlobalSection(SolutionConfigurationPlatforms) = preSolution
		Debug|Any CPU = Debug|Any CPU
		Release|Any CPU = Release|Any CPU
	EndGlobalSection
	GlobalSection(ProjectConfigurationPlatforms) = postSolution
		{D865BE32-DDB1-4141-B783-A5E993DE5B18}.Debug|Any CPU.ActiveCfg = Debug|Any CPU
		{D865BE32-DDB1-4141-B783-A5E993DE5B18}.Debug|Any CPU.Build.0 = Debug|Any CPU
		{D865BE32-DDB1-4141-B783-A5E993DE5B18}.Release|Any CPU.ActiveCfg = Release|Any CPU
		{D865BE32-DDB1-4141-B783-A5E993DE5B18}.Release|Any CPU.Build.0 = Release|Any CPU
		{A63DA51F-EE6C-43BE-889C-808764E76127}.Debug|Any CPU.ActiveCfg = Debug|Any CPU
		{A63DA51F-EE6C-43BE-889C-808764E76127}.Debug|Any CPU.Build.0 = Debug|Any CPU
		{A63DA51F-EE6C-43BE-889C-808764E76127}.Release|Any CPU.ActiveCfg = Release|Any CPU
		{A63DA51F-EE6C-43BE-889C-808764E76127}.Release|Any CPU.Build.0 = Release|Any CPU
		{F23D8D3A-2DC1-45EC-B31C-1CEC057AAD80}.Debug|Any CPU.ActiveCfg = Debug|Any CPU
		{F23D8D3A-2DC1-45EC-B31C-1CEC057AAD80}.Debug|Any CPU.Build.0 = Debug|Any CPU
		{F23D8D3A-2DC1-45EC-B31C-1CEC057AAD80}.Release|Any CPU.ActiveCfg = Release|Any CPU
		{F23D8D3A-2DC1-45EC-B31C-1CEC057AAD80}.Release|Any CPU.Build.0 = Release|Any CPU
		{340A90F2-BEF6-47F6-AA3A-A52EAD09FA97}.Debug|Any CPU.ActiveCfg = Debug|Any CPU
		{340A90F2-BEF6-47F6-AA3A-A52EAD09FA97}.Debug|Any CPU.Build.0 = Debug|Any CPU
		{340A90F2-BEF6-47F6-AA3A-A52EAD09FA97}.Release|Any CPU.ActiveCfg = Release|Any CPU
		{340A90F2-BEF6-47F6-AA3A-A52EAD09FA97}.Release|Any CPU.Build.0 = Release|Any CPU
	EndGlobalSection
	GlobalSection(SolutionProperties) = preSolution
		HideSolutionNode = FALSE
	EndGlobalSection
	GlobalSection(ExtensibilityGlobals) = postSolution
		SolutionGuid = {AAB704DD-3188-4672-B9EE-3EEB643C1074}
	EndGlobalSection
EndGlobal
